
Microsoft Visual Studio Solution File, Format Version 12.00
# Visual Studio 2012
Project("{FAE04EC0-301F-11D3-BF4B-00C04F79EFBC}") = "MvcApplication1", "MvcApplication1\MvcApplication1.csproj", "{5C2892AD-D7BA-4710-82FA-0B77A7ACBFA3}"
EndProject
Project("{FAE04EC0-301F-11D3-BF4B-00C04F79EFBC}") = "MvcIntegrationTestFramework", "MvcIntegrationTestFramework\MvcIntegrationTestFramework.csproj", "{109BC898-C9E2-4353-8907-CA2EFCC5E682}"
EndProject
Global
	GlobalSection(SolutionConfigurationPlatforms) = preSolution
		Debug|Any CPU = Debug|Any CPU
		Nightly|Any CPU = Nightly|Any CPU
		Release|Any CPU = Release|Any CPU
	EndGlobalSection
	GlobalSection(ProjectConfigurationPlatforms) = postSolution
		{5C2892AD-D7BA-4710-82FA-0B77A7ACBFA3}.Debug|Any CPU.ActiveCfg = Debug|Any CPU
		{5C2892AD-D7BA-4710-82FA-0B77A7ACBFA3}.Debug|Any CPU.Build.0 = Debug|Any CPU
		{5C2892AD-D7BA-4710-82FA-0B77A7ACBFA3}.Nightly|Any CPU.ActiveCfg = Release|Any CPU
		{5C2892AD-D7BA-4710-82FA-0B77A7ACBFA3}.Nightly|Any CPU.Build.0 = Release|Any CPU
		{5C2892AD-D7BA-4710-82FA-0B77A7ACBFA3}.Release|Any CPU.ActiveCfg = Release|Any CPU
		{5C2892AD-D7BA-4710-82FA-0B77A7ACBFA3}.Release|Any CPU.Build.0 = Release|Any CPU
		{109BC898-C9E2-4353-8907-CA2EFCC5E682}.Debug|Any CPU.ActiveCfg = Debug|Any CPU
		{109BC898-C9E2-4353-8907-CA2EFCC5E682}.Debug|Any CPU.Build.0 = Debug|Any CPU
		{109BC898-C9E2-4353-8907-CA2EFCC5E682}.Nightly|Any CPU.ActiveCfg = Nightly|Any CPU
		{109BC898-C9E2-4353-8907-CA2EFCC5E682}.Nightly|Any CPU.Build.0 = Nightly|Any CPU
		{109BC898-C9E2-4353-8907-CA2EFCC5E682}.Release|Any CPU.ActiveCfg = Release|Any CPU
		{109BC898-C9E2-4353-8907-CA2EFCC5E682}.Release|Any CPU.Build.0 = Release|Any CPU
	EndGlobalSection
	GlobalSection(SolutionProperties) = preSolution
		HideSolutionNode = FALSE
	EndGlobalSection
EndGlobal
